// !$*UTF8*$!
{
	archiveVersion = 1;
	classes = {
	};
	objectVersion = 48;
	objects = {

/* Begin PBXBuildFile section */
		482CF6EC22688FA900477046 /* HXCerCodeInputView.m in Sources */ = {isa = PBXBuildFile; fileRef = 482CF6EA22688FA900477046 /* HXCerCodeInputView.m */; };
		65CD45A71FE10F35008B1FB8 /* AppDelegate.m in Sources */ = {isa = PBXBuildFile; fileRef = 65CD45A61FE10F35008B1FB8 /* AppDelegate.m */; };
		65CD45AA1FE10F35008B1FB8 /* ViewController.m in Sources */ = {isa = PBXBuildFile; fileRef = 65CD45A91FE10F35008B1FB8 /* ViewController.m */; };
		65CD45AD1FE10F35008B1FB8 /* Main.storyboard in Resources */ = {isa = PBXBuildFile; fileRef = 65CD45AB1FE10F35008B1FB8 /* Main.storyboard */; };
		65CD45AF1FE10F35008B1FB8 /* Assets.xcassets in Resources */ = {isa = PBXBuildFile; fileRef = 65CD45AE1FE10F35008B1FB8 /* Assets.xcassets */; };
		65CD45B21FE10F35008B1FB8 /* LaunchScreen.storyboard in Resources */ = {isa = PBXBuildFile; fileRef = 65CD45B01FE10F35008B1FB8 /* LaunchScreen.storyboard */; };
		65CD45B51FE10F35008B1FB8 /* main.m in Sources */ = {isa = PBXBuildFile; fileRef = 65CD45B41FE10F35008B1FB8 /* main.m */; };
		65CD45BF1FE10F35008B1FB8 /* HXCerCodeInputViewTests.m in Sources */ = {isa = PBXBuildFile; fileRef = 65CD45BE1FE10F35008B1FB8 /* HXCerCodeInputViewTests.m */; };
		65CD45CA1FE10F35008B1FB8 /* HXCerCodeInputViewUITests.m in Sources */ = {isa = PBXBuildFile; fileRef = 65CD45C91FE10F35008B1FB8 /* HXCerCodeInputViewUITests.m */; };
/* End PBXBuildFile section */

/* Begin PBXContainerItemProxy section */
		65CD45BB1FE10F35008B1FB8 /* PBXContainerItemProxy */ = {
			isa = PBXContainerItemProxy;
			containerPortal = 65CD459A1FE10F35008B1FB8 /* Project object */;
			proxyType = 1;
			remoteGlobalIDString = 65CD45A11FE10F35008B1FB8;
			remoteInfo = HXCerCodeInputView;
		};
		65CD45C61FE10F35008B1FB8 /* PBXContainerItemProxy */ = {
			isa = PBXContainerItemProxy;
			containerPortal = 65CD459A1FE10F35008B1FB8 /* Project object */;
			proxyType = 1;
			remoteGlobalIDString = 65CD45A11FE10F35008B1FB8;
			remoteInfo = HXCerCodeInputView;
		};
/* End PBXContainerItemProxy section */

/* Begin PBXFileReference section */
		482CF6EA22688FA900477046 /* HXCerCodeInputView.m */ = {isa = PBXFileReference; fileEncoding = 4; lastKnownFileType = sourcecode.c.objc; path = HXCerCodeInputView.m; sourceTree = "<group>"; };
		482CF6EB22688FA900477046 /* HXCerCodeInputView.h */ = {isa = PBXFileReference; fileEncoding = 4; lastKnownFileType = sourcecode.c.h; path = HXCerCodeInputView.h; sourceTree = "<group>"; };
		65CD45A21FE10F35008B1FB8 /* HXCerCodeInputView.app */ = {isa = PBXFileReference; explicitFileType = wrapper.application; includeInIndex = 0; path = HXCerCodeInputView.app; sourceTree = BUILT_PRODUCTS_DIR; };
		65CD45A51FE10F35008B1FB8 /* AppDelegate.h */ = {isa = PBXFileReference; lastKnownFileType = sourcecode.c.h; path = AppDelegate.h; sourceTree = "<group>"; };
		65CD45A61FE10F35008B1FB8 /* AppDelegate.m */ = {isa = PBXFileReference; lastKnownFileType = sourcecode.c.objc; path = AppDelegate.m; sourceTree = "<group>"; };
		65CD45A81FE10F35008B1FB8 /* ViewController.h */ = {isa = PBXFileReference; lastKnownFileType = sourcecode.c.h; path = ViewController.h; sourceTree = "<group>"; };
		65CD45A91FE10F35008B1FB8 /* ViewController.m */ = {isa = PBXFileReference; lastKnownFileType = sourcecode.c.objc; path = ViewController.m; sourceTree = "<group>"; };
		65CD45AC1FE10F35008B1FB8 /* Base */ = {isa = PBXFileReference; lastKnownFileType = file.storyboard; name = Base; path = Base.lproj/Main.storyboard; sourceTree = "<group>"; };
		65CD45AE1FE10F35008B1FB8 /* Assets.xcassets */ = {isa = PBXFileReference; lastKnownFileType = folder.assetcatalog; path = Assets.xcassets; sourceTree = "<group>"; };
		65CD45B11FE10F35008B1FB8 /* Base */ = {isa = PBXFileReference; lastKnownFileType = file.storyboard; name = Base; path = Base.lproj/LaunchScreen.storyboard; sourceTree = "<group>"; };
		65CD45B31FE10F35008B1FB8 /* Info.plist */ = {isa = PBXFileReference; lastKnownFileType = text.plist.xml; path = Info.plist; sourceTree = "<group>"; };
		65CD45B41FE10F35008B1FB8 /* main.m */ = {isa = PBXFileReference; lastKnownFileType = sourcecode.c.objc; path = main.m; sourceTree = "<group>"; };
		65CD45BA1FE10F35008B1FB8 /* HXCerCodeInputViewTests.xctest */ = {isa = PBXFileReference; explicitFileType = wrapper.cfbundle; includeInIndex = 0; path = HXCerCodeInputViewTests.xctest; sourceTree = BUILT_PRODUCTS_DIR; };
		65CD45BE1FE10F35008B1FB8 /* HXCerCodeInputViewTests.m */ = {isa = PBXFileReference; lastKnownFileType = sourcecode.c.objc; path = HXCerCodeInputViewTests.m; sourceTree = "<group>"; };
		65CD45C01FE10F35008B1FB8 /* Info.plist */ = {isa = PBXFileReference; lastKnownFileType = text.plist.xml; path = Info.plist; sourceTree = "<group>"; };
		65CD45C51FE10F35008B1FB8 /* HXCerCodeInputViewUITests.xctest */ = {isa = PBXFileReference; explicitFileType = wrapper.cfbundle; includeInIndex = 0; path = HXCerCodeInputViewUITests.xctest; sourceTree = BUILT_PRODUCTS_DIR; };
		65CD45C91FE10F35008B1FB8 /* HXCerCodeInputViewUITests.m */ = {isa = PBXFileReference; lastKnownFileType = sourcecode.c.objc; path = HXCerCodeInputViewUITests.m; sourceTree = "<group>"; };
		65CD45CB1FE10F35008B1FB8 /* Info.plist */ = {isa = PBXFileReference; lastKnownFileType = text.plist.xml; path = Info.plist; sourceTree = "<group>"; };
/* End PBXFileReference section */

/* Begin PBXFrameworksBuildPhase section */
		65CD459F1FE10F35008B1FB8 /* Frameworks */ = {
			isa = PBXFrameworksBuildPhase;
			buildActionMask = 2147483647;
			files = (
			);
			runOnlyForDeploymentPostprocessing = 0;
		};
		65CD45B71FE10F35008B1FB8 /* Frameworks */ = {
			isa = PBXFrameworksBuildPhase;
			buildActionMask = 2147483647;
			files = (
			);
			runOnlyForDeploymentPostprocessing = 0;
		};
		65CD45C21FE10F35008B1FB8 /* Frameworks */ = {
			isa = PBXFrameworksBuildPhase;
			buildActionMask = 2147483647;
			files = (
			);
			runOnlyForDeploymentPostprocessing = 0;
		};
/* End PBXFrameworksBuildPhase section */

/* Begin PBXGroup section */
		482CF6E922688FA900477046 /* Sources */ = {
			isa = PBXGroup;
			children = (
				482CF6EA22688FA900477046 /* HXCerCodeInputView.m */,
				482CF6EB22688FA900477046 /* HXCerCodeInputView.h */,
			);
			path = Sources;
			sourceTree = "<group>";
		};
		65CD45991FE10F35008B1FB8 = {
			isa = PBXGroup;
			children = (
				65CD45A41FE10F35008B1FB8 /* HXCerCodeInputView */,
				65CD45BD1FE10F35008B1FB8 /* HXCerCodeInputViewTests */,
				65CD45C81FE10F35008B1FB8 /* HXCerCodeInputViewUITests */,
				65CD45A31FE10F35008B1FB8 /* Products */,
			);
			sourceTree = "<group>";
		};
		65CD45A31FE10F35008B1FB8 /* Products */ = {
			isa = PBXGroup;
			children = (
				65CD45A21FE10F35008B1FB8 /* HXCerCodeInputView.app */,
				65CD45BA1FE10F35008B1FB8 /* HXCerCodeInputViewTests.xctest */,
				65CD45C51FE10F35008B1FB8 /* HXCerCodeInputViewUITests.xctest */,
			);
			name = Products;
			sourceTree = "<group>";
		};
		65CD45A41FE10F35008B1FB8 /* HXCerCodeInputView */ = {
			isa = PBXGroup;
			children = (
				482CF6E922688FA900477046 /* Sources */,
				65CD45A51FE10F35008B1FB8 /* AppDelegate.h */,
				65CD45A61FE10F35008B1FB8 /* AppDelegate.m */,
				65CD45A81FE10F35008B1FB8 /* ViewController.h */,
				65CD45A91FE10F35008B1FB8 /* ViewController.m */,
				65CD45AB1FE10F35008B1FB8 /* Main.storyboard */,
				65CD45AE1FE10F35008B1FB8 /* Assets.xcassets */,
				65CD45B01FE10F35008B1FB8 /* LaunchScreen.storyboard */,
				65CD45B31FE10F35008B1FB8 /* Info.plist */,
				65CD45B41FE10F35008B1FB8 /* main.m */,
			);
			path = HXCerCodeInputView;
			sourceTree = "<group>";
		};
		65CD45BD1FE10F35008B1FB8 /* HXCerCodeInputViewTests */ = {
			isa = PBXGroup;
			children = (
				65CD45BE1FE10F35008B1FB8 /* HXCerCodeInputViewTests.m */,
				65CD45C01FE10F35008B1FB8 /* Info.plist */,
			);
			path = HXCerCodeInputViewTests;
			sourceTree = "<group>";
		};
		65CD45C81FE10F35008B1FB8 /* HXCerCodeInputViewUITests */ = {
			isa = PBXGroup;
			children = (
				65CD45C91FE10F35008B1FB8 /* HXCerCodeInputViewUITests.m */,
				65CD45CB1FE10F35008B1FB8 /* Info.plist */,
			);
			path = HXCerCodeInputViewUITests;
			sourceTree = "<group>";
		};
/* End PBXGroup section */

/* Begin PBXNativeTarget section */
		65CD45A11FE10F35008B1FB8 /* HXCerCodeInputView */ = {
			isa = PBXNativeTarget;
			buildConfigurationList = 65CD45CE1FE10F35008B1FB8 /* Build configuration list for PBXNativeTarget "HXCerCodeInputView" */;
			buildPhases = (
				65CD459E1FE10F35008B1FB8 /* Sources */,
				65CD459F1FE10F35008B1FB8 /* Frameworks */,
				65CD45A01FE10F35008B1FB8 /* Resources */,
			);
			buildRules = (
			);
			dependencies = (
			);
			name = HXCerCodeInputView;
			productName = HXCerCodeInputView;
			productReference = 65CD45A21FE10F35008B1FB8 /* HXCerCodeInputView.app */;
			productType = "com.apple.product-type.application";
		};
		65CD45B91FE10F35008B1FB8 /* HXCerCodeInputViewTests */ = {
			isa = PBXNativeTarget;
			buildConfigurationList = 65CD45D11FE10F35008B1FB8 /* Build configuration list for PBXNativeTarget "HXCerCodeInputViewTests" */;
			buildPhases = (
				65CD45B61FE10F35008B1FB8 /* Sources */,
				65CD45B71FE10F35008B1FB8 /* Frameworks */,
				65CD45B81FE10F35008B1FB8 /* Resources */,
			);
			buildRules = (
			);
			dependencies = (
				65CD45BC1FE10F35008B1FB8 /* PBXTargetDependency */,
			);
			name = HXCerCodeInputViewTests;
			productName = HXCerCodeInputViewTests;
			productReference = 65CD45BA1FE10F35008B1FB8 /* HXCerCodeInputViewTests.xctest */;
			productType = "com.apple.product-type.bundle.unit-test";
		};
		65CD45C41FE10F35008B1FB8 /* HXCerCodeInputViewUITests */ = {
			isa = PBXNativeTarget;
			buildConfigurationList = 65CD45D41FE10F35008B1FB8 /* Build configuration list for PBXNativeTarget "HXCerCodeInputViewUITests" */;
			buildPhases = (
				65CD45C11FE10F35008B1FB8 /* Sources */,
				65CD45C21FE10F35008B1FB8 /* Frameworks */,
				65CD45C31FE10F35008B1FB8 /* Resources */,
			);
			buildRules = (
			);
			dependencies = (
				65CD45C71FE10F35008B1FB8 /* PBXTargetDependency */,
			);
			name = HXCerCodeInputViewUITests;
			productName = HXCerCodeInputViewUITests;
			productReference = 65CD45C51FE10F35008B1FB8 /* HXCerCodeInputViewUITests.xctest */;
			productType = "com.apple.product-type.bundle.ui-testing";
		};
/* End PBXNativeTarget section */

/* Begin PBXProject section */
		65CD459A1FE10F35008B1FB8 /* Project object */ = {
			isa = PBXProject;
			attributes = {
				LastUpgradeCheck = 1020;
				ORGANIZATIONNAME = Derek;
				TargetAttributes = {
					65CD45A11FE10F35008B1FB8 = {
						CreatedOnToolsVersion = 9.2;
						ProvisioningStyle = Automatic;
					};
					65CD45B91FE10F35008B1FB8 = {
						CreatedOnToolsVersion = 9.2;
						ProvisioningStyle = Automatic;
						TestTargetID = 65CD45A11FE10F35008B1FB8;
					};
					65CD45C41FE10F35008B1FB8 = {
						CreatedOnToolsVersion = 9.2;
						ProvisioningStyle = Automatic;
						TestTargetID = 65CD45A11FE10F35008B1FB8;
					};
				};
			};
			buildConfigurationList = 65CD459D1FE10F35008B1FB8 /* Build configuration list for PBXProject "HXCerCodeInputView" */;
			compatibilityVersion = "Xcode 8.0";
			developmentRegion = en;
			hasScannedForEncodings = 0;
			knownRegions = (
				en,
				Base,
			);
			mainGroup = 65CD45991FE10F35008B1FB8;
			productRefGroup = 65CD45A31FE10F35008B1FB8 /* Products */;
			projectDirPath = "";
			projectRoot = "";
			targets = (
				65CD45A11FE10F35008B1FB8 /* HXCerCodeInputView */,
				65CD45B91FE10F35008B1FB8 /* HXCerCodeInputViewTests */,
				65CD45C41FE10F35008B1FB8 /* HXCerCodeInputViewUITests */,
			);
		};
/* End PBXProject section */

/* Begin PBXResourcesBuildPhase section */
		65CD45A01FE10F35008B1FB8 /* Resources */ = {
			isa = PBXResourcesBuildPhase;
			buildActionMask = 2147483647;
			files = (
				65CD45B21FE10F35008B1FB8 /* LaunchScreen.storyboard in Resources */,
				65CD45AF1FE10F35008B1FB8 /* Assets.xcassets in Resources */,
				65CD45AD1FE10F35008B1FB8 /* Main.storyboard in Resources */,
			);
			runOnlyForDeploymentPostprocessing = 0;
		};
		65CD45B81FE10F35008B1FB8 /* Resources */ = {
			isa = PBXResourcesBuildPhase;
			buildActionMask = 2147483647;
			files = (
			);
			runOnlyForDeploymentPostprocessing = 0;
		};
		65CD45C31FE10F35008B1FB8 /* Resources */ = {
			isa = PBXResourcesBuildPhase;
			buildActionMask = 2147483647;
			files = (
			);
			runOnlyForDeploymentPostprocessing = 0;
		};
/* End PBXResourcesBuildPhase section */

/* Begin PBXSourcesBuildPhase section */
		65CD459E1FE10F35008B1FB8 /* Sources */ = {
			isa = PBXSourcesBuildPhase;
			buildActionMask = 2147483647;
			files = (
				65CD45AA1FE10F35008B1FB8 /* ViewController.m in Sources */,
				65CD45B51FE10F35008B1FB8 /* main.m in Sources */,
				65CD45A71FE10F35008B1FB8 /* AppDelegate.m in Sources */,
				482CF6EC22688FA900477046 /* HXCerCodeInputView.m in Sources */,
			);
			runOnlyForDeploymentPostprocessing = 0;
		};
		65CD45B61FE10F35008B1FB8 /* Sources */ = {
			isa = PBXSourcesBuildPhase;
			buildActionMask = 2147483647;
			files = (
				65CD45BF1FE10F35008B1FB8 /* HXCerCodeInputViewTests.m in Sources */,
			);
			runOnlyForDeploymentPostprocessing = 0;
		};
		65CD45C11FE10F35008B1FB8 /* Sources */ = {
			isa = PBXSourcesBuildPhase;
			buildActionMask = 2147483647;
			files = (
				65CD45CA1FE10F35008B1FB8 /* HXCerCodeInputViewUITests.m in Sources */,
			);
			runOnlyForDeploymentPostprocessing = 0;
		};
/* End PBXSourcesBuildPhase section */

/* Begin PBXTargetDependency section */
		65CD45BC1FE10F35008B1FB8 /* PBXTargetDependency */ = {
			isa = PBXTargetDependency;
			target = 65CD45A11FE10F35008B1FB8 /* HXCerCodeInputView */;
			targetProxy = 65CD45BB1FE10F35008B1FB8 /* PBXContainerItemProxy */;
		};
		65CD45C71FE10F35008B1FB8 /* PBXTargetDependency */ = {
			isa = PBXTargetDependency;
			target = 65CD45A11FE10F35008B1FB8 /* HXCerCodeInputView */;
			targetProxy = 65CD45C61FE10F35008B1FB8 /* PBXContainerItemProxy */;
		};
/* End PBXTargetDependency section */

/* Begin PBXVariantGroup section */
		65CD45AB1FE10F35008B1FB8 /* Main.storyboard */ = {
			isa = PBXVariantGroup;
			children = (
				65CD45AC1FE10F35008B1FB8 /* Base */,
			);
			name = Main.storyboard;
			sourceTree = "<group>";
		};
		65CD45B01FE10F35008B1FB8 /* LaunchScreen.storyboard */ = {
			isa = PBXVariantGroup;
			children = (
				65CD45B11FE10F35008B1FB8 /* Base */,
			);
			name = LaunchScreen.storyboard;
			sourceTree = "<group>";
		};
/* End PBXVariantGroup section */

/* Begin XCBuildConfiguration section */
		65CD45CC1FE10F35008B1FB8 /* Debug */ = {
			isa = XCBuildConfiguration;
			buildSettings = {
				ALWAYS_SEARCH_USER_PATHS = NO;
				CLANG_ANALYZER_NONNULL = YES;
				CLANG_ANALYZER_NUMBER_OBJECT_CONVERSION = YES_AGGRESSIVE;
				CLANG_CXX_LANGUAGE_STANDARD = "gnu++14";
				CLANG_CXX_LIBRARY = "libc++";
				CLANG_ENABLE_MODULES = YES;
				CLANG_ENABLE_OBJC_ARC = YES;
				CLANG_WARN_BLOCK_CAPTURE_AUTORELEASING = YES;
				CLANG_WARN_BOOL_CONVERSION = YES;
				CLANG_WARN_COMMA = YES;
				CLANG_WARN_CONSTANT_CONVERSION = YES;
				CLANG_WARN_DEPRECATED_OBJC_IMPLEMENTATIONS = YES;
				CLANG_WARN_DIRECT_OBJC_ISA_USAGE = YES_ERROR;
				CLANG_WARN_DOCUMENTATION_COMMENTS = YES;
				CLANG_WARN_EMPTY_BODY = YES;
				CLANG_WARN_ENUM_CONVERSION = YES;
				CLANG_WARN_INFINITE_RECURSION = YES;
				CLANG_WARN_INT_CONVERSION = YES;
				CLANG_WARN_NON_LITERAL_NULL_CONVERSION = YES;
				CLANG_WARN_OBJC_IMPLICIT_RETAIN_SELF = YES;
				CLANG_WARN_OBJC_LITERAL_CONVERSION = YES;
				CLANG_WARN_OBJC_ROOT_CLASS = YES_ERROR;
				CLANG_WARN_RANGE_LOOP_ANALYSIS = YES;
				CLANG_WARN_STRICT_PROTOTYPES = YES;
				CLANG_WARN_SUSPICIOUS_MOVE = YES;
				CLANG_WARN_UNGUARDED_AVAILABILITY = YES_AGGRESSIVE;
				CLANG_WARN_UNREACHABLE_CODE = YES;
				CLANG_WARN__DUPLICATE_METHOD_MATCH = YES;
				CODE_SIGN_IDENTITY = "iPhone Developer";
				COPY_PHASE_STRIP = NO;
				DEBUG_INFORMATION_FORMAT = dwarf;
				ENABLE_STRICT_OBJC_MSGSEND = YES;
				ENABLE_TESTABILITY = YES;
				GCC_C_LANGUAGE_STANDARD = gnu11;
				GCC_DYNAMIC_NO_PIC = NO;
				GCC_NO_COMMON_BLOCKS = YES;
				GCC_OPTIMIZATION_LEVEL = 0;
				GCC_PREPROCESSOR_DEFINITIONS = (
					"DEBUG=1",
					"$(inherited)",
				);
				GCC_WARN_64_TO_32_BIT_CONVERSION = YES;
				GCC_WARN_ABOUT_RETURN_TYPE = YES_ERROR;
				GCC_WARN_UNDECLARED_SELECTOR = YES;
				GCC_WARN_UNINITIALIZED_AUTOS = YES_AGGRESSIVE;
				GCC_WARN_UNUSED_FUNCTION = YES;
				GCC_WARN_UNUSED_VARIABLE = YES;
				IPHONEOS_DEPLOYMENT_TARGET = 11.2;
				MTL_ENABLE_DEBUG_INFO = YES;
				ONLY_ACTIVE_ARCH = YES;
				SDKROOT = iphoneos;
			};
			name = Debug;
		};
		65CD45CD1FE10F35008B1FB8 /* Release */ = {
			isa = XCBuildConfiguration;
			buildSettings = {
				ALWAYS_SEARCH_USER_PATHS = NO;
				CLANG_ANALYZER_NONNULL = YES;
				CLANG_ANALYZER_NUMBER_OBJECT_CONVERSION = YES_AGGRESSIVE;
				CLANG_CXX_LANGUAGE_STANDARD = "gnu++14";
				CLANG_CXX_LIBRARY = "libc++";
				CLANG_ENABLE_MODULES = YES;
				CLANG_ENABLE_OBJC_ARC = YES;
				CLANG_WARN_BLOCK_CAPTURE_AUTORELEASING = YES;
				CLANG_WARN_BOOL_CONVERSION = YES;
				CLANG_WARN_COMMA = YES;
				CLANG_WARN_CONSTANT_CONVERSION = YES;
				CLANG_WARN_DEPRECATED_OBJC_IMPLEMENTATIONS = YES;
				CLANG_WARN_DIRECT_OBJC_ISA_USAGE = YES_ERROR;
				CLANG_WARN_DOCUMENTATION_COMMENTS = YES;
				CLANG_WARN_EMPTY_BODY = YES;
				CLANG_WARN_ENUM_CONVERSION = YES;
				CLANG_WARN_INFINITE_RECURSION = YES;
				CLANG_WARN_INT_CONVERSION = YES;
				CLANG_WARN_NON_LITERAL_NULL_CONVERSION = YES;
				CLANG_WARN_OBJC_IMPLICIT_RETAIN_SELF = YES;
				CLANG_WARN_OBJC_LITERAL_CONVERSION = YES;
				CLANG_WARN_OBJC_ROOT_CLASS = YES_ERROR;
				CLANG_WARN_RANGE_LOOP_ANALYSIS = YES;
				CLANG_WARN_STRICT_PROTOTYPES = YES;
				CLANG_WARN_SUSPICIOUS_MOVE = YES;
				CLANG_WARN_UNGUARDED_AVAILABILITY = YES_AGGRESSIVE;
				CLANG_WARN_UNREACHABLE_CODE = YES;
				CLANG_WARN__DUPLICATE_METHOD_MATCH = YES;
				CODE_SIGN_IDENTITY = "iPhone Developer";
				COPY_PHASE_STRIP = NO;
				DEBUG_INFORMATION_FORMAT = "dwarf-with-dsym";
				ENABLE_NS_ASSERTIONS = NO;
				ENABLE_STRICT_OBJC_MSGSEND = YES;
				GCC_C_LANGUAGE_STANDARD = gnu11;
				GCC_NO_COMMON_BLOCKS = YES;
				GCC_WARN_64_TO_32_BIT_CONVERSION = YES;
				GCC_WARN_ABOUT_RETURN_TYPE = YES_ERROR;
				GCC_WARN_UNDECLARED_SELECTOR = YES;
				GCC_WARN_UNINITIALIZED_AUTOS = YES_AGGRESSIVE;
				GCC_WARN_UNUSED_FUNCTION = YES;
				GCC_WARN_UNUSED_VARIABLE = YES;
				IPHONEOS_DEPLOYMENT_TARGET = 11.2;
				MTL_ENABLE_DEBUG_INFO = NO;
				SDKROOT = iphoneos;
				VALIDATE_PRODUCT = YES;
			};
			name = Release;
		};
		65CD45CF1FE10F35008B1FB8 /* Debug */ = {
			isa = XCBuildConfiguration;
			buildSettings = {
				ASSETCATALOG_COMPILER_APPICON_NAME = AppIcon;
				CODE_SIGN_STYLE = Automatic;
				DEVELOPMENT_TEAM = 4WMHZY7GVJ;
				INFOPLIST_FILE = HXCerCodeInputView/Info.plist;
				LD_RUNPATH_SEARCH_PATHS = "$(inherited) @executable_path/Frameworks";
				PRODUCT_BUNDLE_IDENTIFIER = Derek.HXCerCodeInputView;
				PRODUCT_NAME = "$(TARGET_NAME)";
				TARGETED_DEVICE_FAMILY = "1,2";
			};
			name = Debug;
		};
		65CD45D01FE10F35008B1FB8 /* Release */ = {
			isa = XCBuildConfiguration;
			buildSettings = {
				ASSETCATALOG_COMPILER_APPICON_NAME = AppIcon;
				CODE_SIGN_STYLE = Automatic;
				DEVELOPMENT_TEAM = 4WMHZY7GVJ;
				INFOPLIST_FILE = HXCerCodeInputView/Info.plist;
				LD_RUNPATH_SEARCH_PATHS = "$(inherited) @executable_path/Frameworks";
				PRODUCT_BUNDLE_IDENTIFIER = Derek.HXCerCodeInputView;
				PRODUCT_NAME = "$(TARGET_NAME)";
				TARGETED_DEVICE_FAMILY = "1,2";
			};
			name = Release;
		};
		65CD45D21FE10F35008B1FB8 /* Debug */ = {
			isa = XCBuildConfiguration;
			buildSettings = {
				BUNDLE_LOADER = "$(TEST_HOST)";
				CODE_SIGN_STYLE = Automatic;
				DEVELOPMENT_TEAM = 4WMHZY7GVJ;
				INFOPLIST_FILE = HXCerCodeInputViewTests/Info.plist;
				LD_RUNPATH_SEARCH_PATHS = "$(inherited) @executable_path/Frameworks @loader_path/Frameworks";
				PRODUCT_BUNDLE_IDENTIFIER = Derek.HXCerCodeInputViewTests;
				PRODUCT_NAME = "$(TARGET_NAME)";
				TARGETED_DEVICE_FAMILY = "1,2";
				TEST_HOST = "$(BUILT_PRODUCTS_DIR)/HXCerCodeInputView.app/HXCerCodeInputView";
			};
			name = Debug;
		};
		65CD45D31FE10F35008B1FB8 /* Release */ = {
			isa = XCBuildConfiguration;
			buildSettings = {
				BUNDLE_LOADER = "$(TEST_HOST)";
				CODE_SIGN_STYLE = Automatic;
				DEVELOPMENT_TEAM = 4WMHZY7GVJ;
				INFOPLIST_FILE = HXCerCodeInputViewTests/Info.plist;
				LD_RUNPATH_SEARCH_PATHS = "$(inherited) @executable_path/Frameworks @loader_path/Frameworks";
				PRODUCT_BUNDLE_IDENTIFIER = Derek.HXCerCodeInputViewTests;
				PRODUCT_NAME = "$(TARGET_NAME)";
				TARGETED_DEVICE_FAMILY = "1,2";
				TEST_HOST = "$(BUILT_PRODUCTS_DIR)/HXCerCodeInputView.app/HXCerCodeInputView";
			};
			name = Release;
		};
		65CD45D51FE10F35008B1FB8 /* Debug */ = {
			isa = XCBuildConfiguration;
			buildSettings = {
				CODE_SIGN_STYLE = Automatic;
				DEVELOPMENT_TEAM = 4WMHZY7GVJ;
				INFOPLIST_FILE = HXCerCodeInputViewUITests/Info.plist;
				LD_RUNPATH_SEARCH_PATHS = "$(inherited) @executable_path/Frameworks @loader_path/Frameworks";
				PRODUCT_BUNDLE_IDENTIFIER = Derek.HXCerCodeInputViewUITests;
				PRODUCT_NAME = "$(TARGET_NAME)";
				TARGETED_DEVICE_FAMILY = "1,2";
				TEST_TARGET_NAME = HXCerCodeInputView;
			};
			name = Debug;
		};
		65CD45D61FE10F35008B1FB8 /* Release */ = {
			isa = XCBuildConfiguration;
			buildSettings = {
				CODE_SIGN_STYLE = Automatic;
				DEVELOPMENT_TEAM = 4WMHZY7GVJ;
				INFOPLIST_FILE = HXCerCodeInputViewUITests/Info.plist;
				LD_RUNPATH_SEARCH_PATHS = "$(inherited) @executable_path/Frameworks @loader_path/Frameworks";
				PRODUCT_BUNDLE_IDENTIFIER = Derek.HXCerCodeInputViewUITests;
				PRODUCT_NAME = "$(TARGET_NAME)";
				TARGETED_DEVICE_FAMILY = "1,2";
				TEST_TARGET_NAME = HXCerCodeInputView;
			};
			name = Release;
		};
/* End XCBuildConfiguration section */

/* Begin XCConfigurationList section */
		65CD459D1FE10F35008B1FB8 /* Build configuration list for PBXProject "HXCerCodeInputView" */ = {
			isa = XCConfigurationList;
			buildConfigurations = (
				65CD45CC1FE10F35008B1FB8 /* Debug */,
				65CD45CD1FE10F35008B1FB8 /* Release */,
			);
			defaultConfigurationIsVisible = 0;
			defaultConfigurationName = Release;
		};
		65CD45CE1FE10F35008B1FB8 /* Build configuration list for PBXNativeTarget "HXCerCodeInputView" */ = {
			isa = XCConfigurationList;
			buildConfigurations = (
				65CD45CF1FE10F35008B1FB8 /* Debug */,
				65CD45D01FE10F35008B1FB8 /* Release */,
			);
			defaultConfigurationIsVisible = 0;
			defaultConfigurationName = Release;
		};
		65CD45D11FE10F35008B1FB8 /* Build configuration list for PBXNativeTarget "HXCerCodeInputViewTests" */ = {
			isa = XCConfigurationList;
			buildConfigurations = (
				65CD45D21FE10F35008B1FB8 /* Debug */,
				65CD45D31FE10F35008B1FB8 /* Release */,
			);
			defaultConfigurationIsVisible = 0;
			defaultConfigurationName = Release;
		};
		65CD45D41FE10F35008B1FB8 /* Build configuration list for PBXNativeTarget "HXCerCodeInputViewUITests" */ = {
			isa = XCConfigurationList;
			buildConfigurations = (
				65CD45D51FE10F35008B1FB8 /* Debug */,
				65CD45D61FE10F35008B1FB8 /* Release */,
			);
			defaultConfigurationIsVisible = 0;
			defaultConfigurationName = Release;
		};
/* End XCConfigurationList section */
	};
	rootObject = 65CD459A1FE10F35008B1FB8 /* Project object */;
}
